// !$*UTF8*$!
{
	archiveVersion = 1;
	classes = {
	};
	objectVersion = 46;
	objects = {

/* Begin PBXBuildFile section */
		68DFEC9587F64C46BBAA22C5 /* libPods.a in Frameworks */ = {isa = PBXBuildFile; fileRef = CDFF6142AB6A4544B4F1A441 /* libPods.a */; };
		7507FA191A5F212600A2B5FE /* DataLoader.m in Sources */ = {isa = PBXBuildFile; fileRef = 7507FA181A5F212600A2B5FE /* DataLoader.m */; };
		7507FA1F1A5F261600A2B5FE /* PackageParser.m in Sources */ = {isa = PBXBuildFile; fileRef = 7507FA1E1A5F261600A2B5FE /* PackageParser.m */; };
		750A6F301BE0034C0071FD7B /* AboutViewController.m in Sources */ = {isa = PBXBuildFile; fileRef = 75A26E301BD190EF00C8F75C /* AboutViewController.m */; };
		750A6F311BE0034C0071FD7B /* PackageCell.m in Sources */ = {isa = PBXBuildFile; fileRef = 755851B718C13D5B00AA0553 /* PackageCell.m */; };
		750A6F321BE0034C0071FD7B /* PackageInfoViewController.m in Sources */ = {isa = PBXBuildFile; fileRef = 7552383D18C2376900B55DE1 /* PackageInfoViewController.m */; };
		750A6F331BE0034C0071FD7B /* UITableView+RemoveSeparators.m in Sources */ = {isa = PBXBuildFile; fileRef = 75A26E2D1BD18B3900C8F75C /* UITableView+RemoveSeparators.m */; };
		750A6F341BE0034C0071FD7B /* AddPackageViewController.m in Sources */ = {isa = PBXBuildFile; fileRef = 75EBA12818C12AE200DB1856 /* AddPackageViewController.m */; };
		750A6F351BE0034C0071FD7B /* PackageParser.m in Sources */ = {isa = PBXBuildFile; fileRef = 7507FA1E1A5F261600A2B5FE /* PackageParser.m */; };
		750A6F371BE0034C0071FD7B /* TrackingInfoCell.m in Sources */ = {isa = PBXBuildFile; fileRef = 7552384018C241A000B55DE1 /* TrackingInfoCell.m */; };
		750A6F381BE0034C0071FD7B /* UIAlertView+Alert.m in Sources */ = {isa = PBXBuildFile; fileRef = 75A26E361BD191BF00C8F75C /* UIAlertView+Alert.m */; };
		750A6F3A1BE0034C0071FD7B /* DataModel.xcdatamodeld in Sources */ = {isa = PBXBuildFile; fileRef = 7558519D18C139EB00AA0553 /* DataModel.xcdatamodeld */; };
		750A6F3B1BE0034C0071FD7B /* TrackingInfo.m in Sources */ = {isa = PBXBuildFile; fileRef = 7572219B1A5F3A3E00BE901A /* TrackingInfo.m */; };
		750A6F3C1BE0034C0071FD7B /* PackagesViewController.m in Sources */ = {isa = PBXBuildFile; fileRef = 755851B418C13C0100AA0553 /* PackagesViewController.m */; };
		750A6F3D1BE0034C0071FD7B /* AFHTTPRequestOperationManager+timeout.m in Sources */ = {isa = PBXBuildFile; fileRef = 75F72D0719118637009EDF97 /* AFHTTPRequestOperationManager+timeout.m */; };
		750A6F3E1BE0034C0071FD7B /* AppDelegate.m in Sources */ = {isa = PBXBuildFile; fileRef = 75EBA12218C12AE200DB1856 /* AppDelegate.m */; };
		750A6F401BE0034C0071FD7B /* main.m in Sources */ = {isa = PBXBuildFile; fileRef = 75EBA11E18C12AE200DB1856 /* main.m */; };
		750A6F411BE0034C0071FD7B /* Package.m in Sources */ = {isa = PBXBuildFile; fileRef = 755851BA18C13E1900AA0553 /* Package.m */; };
		750A6F421BE0034C0071FD7B /* DataLoader.m in Sources */ = {isa = PBXBuildFile; fileRef = 7507FA181A5F212600A2B5FE /* DataLoader.m */; };
		750A6F441BE0034C0071FD7B /* MessageUI.framework in Frameworks */ = {isa = PBXBuildFile; fileRef = 75A26E321BD1916600C8F75C /* MessageUI.framework */; };
		750A6F451BE0034C0071FD7B /* Fabric.framework in Frameworks */ = {isa = PBXBuildFile; fileRef = 751DEBEB1A862C720092A935 /* Fabric.framework */; };
		750A6F461BE0034C0071FD7B /* CoreData.framework in Frameworks */ = {isa = PBXBuildFile; fileRef = 755851AB18C13A6100AA0553 /* CoreData.framework */; };
		750A6F471BE0034C0071FD7B /* CoreGraphics.framework in Frameworks */ = {isa = PBXBuildFile; fileRef = 75EBA11418C12AE200DB1856 /* CoreGraphics.framework */; };
		750A6F481BE0034C0071FD7B /* UIKit.framework in Frameworks */ = {isa = PBXBuildFile; fileRef = 75EBA11618C12AE200DB1856 /* UIKit.framework */; };
		750A6F491BE0034C0071FD7B /* Foundation.framework in Frameworks */ = {isa = PBXBuildFile; fileRef = 75EBA11218C12AE200DB1856 /* Foundation.framework */; };
		750A6F4A1BE0034C0071FD7B /* Crashlytics.framework in Frameworks */ = {isa = PBXBuildFile; fileRef = 751DEBEA1A862C720092A935 /* Crashlytics.framework */; };
		750A6F4B1BE0034C0071FD7B /* libPods.a in Frameworks */ = {isa = PBXBuildFile; fileRef = CDFF6142AB6A4544B4F1A441 /* libPods.a */; };
		750A6F4D1BE0034C0071FD7B /* Images.xcassets in Resources */ = {isa = PBXBuildFile; fileRef = 75EBA12A18C12AE200DB1856 /* Images.xcassets */; };
		750A6F4E1BE0034C0071FD7B /* InfoPlist.strings in Resources */ = {isa = PBXBuildFile; fileRef = 75EBA11B18C12AE200DB1856 /* InfoPlist.strings */; };
		750A6F4F1BE0034C0071FD7B /* Main.storyboard in Resources */ = {isa = PBXBuildFile; fileRef = 75EBA12418C12AE200DB1856 /* Main.storyboard */; };
		751DEBEC1A862C720092A935 /* Crashlytics.framework in Frameworks */ = {isa = PBXBuildFile; fileRef = 751DEBEA1A862C720092A935 /* Crashlytics.framework */; };
		751DEBED1A862C720092A935 /* Fabric.framework in Frameworks */ = {isa = PBXBuildFile; fileRef = 751DEBEB1A862C720092A935 /* Fabric.framework */; };
		7552383E18C2376900B55DE1 /* PackageInfoViewController.m in Sources */ = {isa = PBXBuildFile; fileRef = 7552383D18C2376900B55DE1 /* PackageInfoViewController.m */; };
		7552384118C241A000B55DE1 /* TrackingInfoCell.m in Sources */ = {isa = PBXBuildFile; fileRef = 7552384018C241A000B55DE1 /* TrackingInfoCell.m */; };
		7558519F18C139EB00AA0553 /* DataModel.xcdatamodeld in Sources */ = {isa = PBXBuildFile; fileRef = 7558519D18C139EB00AA0553 /* DataModel.xcdatamodeld */; };
		755851AC18C13A6100AA0553 /* CoreData.framework in Frameworks */ = {isa = PBXBuildFile; fileRef = 755851AB18C13A6100AA0553 /* CoreData.framework */; };
		755851B518C13C0100AA0553 /* PackagesViewController.m in Sources */ = {isa = PBXBuildFile; fileRef = 755851B418C13C0100AA0553 /* PackagesViewController.m */; };
		755851B818C13D5B00AA0553 /* PackageCell.m in Sources */ = {isa = PBXBuildFile; fileRef = 755851B718C13D5B00AA0553 /* PackageCell.m */; };
		755851BB18C13E1900AA0553 /* Package.m in Sources */ = {isa = PBXBuildFile; fileRef = 755851BA18C13E1900AA0553 /* Package.m */; };
		7572219C1A5F3A3E00BE901A /* TrackingInfo.m in Sources */ = {isa = PBXBuildFile; fileRef = 7572219B1A5F3A3E00BE901A /* TrackingInfo.m */; };
		75A26E2E1BD18B3900C8F75C /* UITableView+RemoveSeparators.m in Sources */ = {isa = PBXBuildFile; fileRef = 75A26E2D1BD18B3900C8F75C /* UITableView+RemoveSeparators.m */; };
		75A26E311BD190EF00C8F75C /* AboutViewController.m in Sources */ = {isa = PBXBuildFile; fileRef = 75A26E301BD190EF00C8F75C /* AboutViewController.m */; };
		75A26E331BD1916600C8F75C /* MessageUI.framework in Frameworks */ = {isa = PBXBuildFile; fileRef = 75A26E321BD1916600C8F75C /* MessageUI.framework */; };
		75A26E371BD191BF00C8F75C /* UIAlertView+Alert.m in Sources */ = {isa = PBXBuildFile; fileRef = 75A26E361BD191BF00C8F75C /* UIAlertView+Alert.m */; };
		75DE1F7E1BE02AB800145EA3 /* NSManagedObject+CoreData.m in Sources */ = {isa = PBXBuildFile; fileRef = 75DE1F751BE02AB800145EA3 /* NSManagedObject+CoreData.m */; };
		75DE1F7F1BE02AB800145EA3 /* NSManagedObject+CoreData.m in Sources */ = {isa = PBXBuildFile; fileRef = 75DE1F751BE02AB800145EA3 /* NSManagedObject+CoreData.m */; };
		75DE1F801BE02AB800145EA3 /* NSManagedObject+CoreDataCustom.m in Sources */ = {isa = PBXBuildFile; fileRef = 75DE1F771BE02AB800145EA3 /* NSManagedObject+CoreDataCustom.m */; };
		75DE1F811BE02AB800145EA3 /* NSManagedObject+CoreDataCustom.m in Sources */ = {isa = PBXBuildFile; fileRef = 75DE1F771BE02AB800145EA3 /* NSManagedObject+CoreDataCustom.m */; };
		75DE1F821BE02AB800145EA3 /* NSManagedObjectContext+Custom.m in Sources */ = {isa = PBXBuildFile; fileRef = 75DE1F791BE02AB800145EA3 /* NSManagedObjectContext+Custom.m */; };
		75DE1F831BE02AB800145EA3 /* NSManagedObjectContext+Custom.m in Sources */ = {isa = PBXBuildFile; fileRef = 75DE1F791BE02AB800145EA3 /* NSManagedObjectContext+Custom.m */; };
		75DE1F841BE02AB800145EA3 /* NSManagedObjectContextOperation.m in Sources */ = {isa = PBXBuildFile; fileRef = 75DE1F7B1BE02AB800145EA3 /* NSManagedObjectContextOperation.m */; };
		75DE1F851BE02AB800145EA3 /* NSManagedObjectContextOperation.m in Sources */ = {isa = PBXBuildFile; fileRef = 75DE1F7B1BE02AB800145EA3 /* NSManagedObjectContextOperation.m */; };
		75DE1F861BE02AB800145EA3 /* NSPersistentStoreCoordinator+Custom.m in Sources */ = {isa = PBXBuildFile; fileRef = 75DE1F7D1BE02AB800145EA3 /* NSPersistentStoreCoordinator+Custom.m */; };
		75DE1F871BE02AB800145EA3 /* NSPersistentStoreCoordinator+Custom.m in Sources */ = {isa = PBXBuildFile; fileRef = 75DE1F7D1BE02AB800145EA3 /* NSPersistentStoreCoordinator+Custom.m */; };
		75EBA11318C12AE200DB1856 /* Foundation.framework in Frameworks */ = {isa = PBXBuildFile; fileRef = 75EBA11218C12AE200DB1856 /* Foundation.framework */; };
		75EBA11518C12AE200DB1856 /* CoreGraphics.framework in Frameworks */ = {isa = PBXBuildFile; fileRef = 75EBA11418C12AE200DB1856 /* CoreGraphics.framework */; };
		75EBA11718C12AE200DB1856 /* UIKit.framework in Frameworks */ = {isa = PBXBuildFile; fileRef = 75EBA11618C12AE200DB1856 /* UIKit.framework */; };
		75EBA11D18C12AE200DB1856 /* InfoPlist.strings in Resources */ = {isa = PBXBuildFile; fileRef = 75EBA11B18C12AE200DB1856 /* InfoPlist.strings */; };
		75EBA11F18C12AE200DB1856 /* main.m in Sources */ = {isa = PBXBuildFile; fileRef = 75EBA11E18C12AE200DB1856 /* main.m */; };
		75EBA12318C12AE200DB1856 /* AppDelegate.m in Sources */ = {isa = PBXBuildFile; fileRef = 75EBA12218C12AE200DB1856 /* AppDelegate.m */; };
		75EBA12618C12AE200DB1856 /* Main.storyboard in Resources */ = {isa = PBXBuildFile; fileRef = 75EBA12418C12AE200DB1856 /* Main.storyboard */; };
		75EBA12918C12AE200DB1856 /* AddPackageViewController.m in Sources */ = {isa = PBXBuildFile; fileRef = 75EBA12818C12AE200DB1856 /* AddPackageViewController.m */; };
		75EBA12B18C12AE200DB1856 /* Images.xcassets in Resources */ = {isa = PBXBuildFile; fileRef = 75EBA12A18C12AE200DB1856 /* Images.xcassets */; };
		75EBA13218C12AE200DB1856 /* XCTest.framework in Frameworks */ = {isa = PBXBuildFile; fileRef = 75EBA13118C12AE200DB1856 /* XCTest.framework */; };
		75EBA13318C12AE200DB1856 /* Foundation.framework in Frameworks */ = {isa = PBXBuildFile; fileRef = 75EBA11218C12AE200DB1856 /* Foundation.framework */; };
		75EBA13418C12AE200DB1856 /* UIKit.framework in Frameworks */ = {isa = PBXBuildFile; fileRef = 75EBA11618C12AE200DB1856 /* UIKit.framework */; };
		75EBA13C18C12AE200DB1856 /* InfoPlist.strings in Resources */ = {isa = PBXBuildFile; fileRef = 75EBA13A18C12AE200DB1856 /* InfoPlist.strings */; };
		75EBA13E18C12AE200DB1856 /* PostaMDTests.m in Sources */ = {isa = PBXBuildFile; fileRef = 75EBA13D18C12AE200DB1856 /* PostaMDTests.m */; };
		75F72D0819118637009EDF97 /* AFHTTPRequestOperationManager+timeout.m in Sources */ = {isa = PBXBuildFile; fileRef = 75F72D0719118637009EDF97 /* AFHTTPRequestOperationManager+timeout.m */; };
/* End PBXBuildFile section */

/* Begin PBXContainerItemProxy section */
		75EBA13518C12AE200DB1856 /* PBXContainerItemProxy */ = {
			isa = PBXContainerItemProxy;
			containerPortal = 75EBA10718C12AE200DB1856 /* Project object */;
			proxyType = 1;
			remoteGlobalIDString = 75EBA10E18C12AE200DB1856;
			remoteInfo = PostaMD;
		};
/* End PBXContainerItemProxy section */

/* Begin PBXFileReference section */
		22674D4A95F21EC5EA6ED3D4 /* Pods.debug.xcconfig */ = {isa = PBXFileReference; includeInIndex = 1; lastKnownFileType = text.xcconfig; name = Pods.debug.xcconfig; path = "Pods/Target Support Files/Pods/Pods.debug.xcconfig"; sourceTree = "<group>"; };
		7507FA171A5F212600A2B5FE /* DataLoader.h */ = {isa = PBXFileReference; fileEncoding = 4; lastKnownFileType = sourcecode.c.h; path = DataLoader.h; sourceTree = "<group>"; };
		7507FA181A5F212600A2B5FE /* DataLoader.m */ = {isa = PBXFileReference; fileEncoding = 4; lastKnownFileType = sourcecode.c.objc; path = DataLoader.m; sourceTree = "<group>"; };
		7507FA1D1A5F261600A2B5FE /* PackageParser.h */ = {isa = PBXFileReference; fileEncoding = 4; lastKnownFileType = sourcecode.c.h; path = PackageParser.h; sourceTree = "<group>"; };
		7507FA1E1A5F261600A2B5FE /* PackageParser.m */ = {isa = PBXFileReference; fileEncoding = 4; lastKnownFileType = sourcecode.c.objc; path = PackageParser.m; sourceTree = "<group>"; };
		750A6F551BE0034C0071FD7B /* PostaRO.app */ = {isa = PBXFileReference; explicitFileType = wrapper.application; includeInIndex = 0; path = PostaRO.app; sourceTree = BUILT_PRODUCTS_DIR; };
		750A6F561BE0034C0071FD7B /* PostaRO-Info.plist */ = {isa = PBXFileReference; lastKnownFileType = text.plist.xml; name = "PostaRO-Info.plist"; path = "/Volumes/Data/Projects/PostaMD/PostaRO-Info.plist"; sourceTree = "<absolute>"; };
		751DEBEA1A862C720092A935 /* Crashlytics.framework */ = {isa = PBXFileReference; lastKnownFileType = wrapper.framework; path = Crashlytics.framework; sourceTree = "<group>"; };
		751DEBEB1A862C720092A935 /* Fabric.framework */ = {isa = PBXFileReference; lastKnownFileType = wrapper.framework; path = Fabric.framework; sourceTree = "<group>"; };
		7552383C18C2376900B55DE1 /* PackageInfoViewController.h */ = {isa = PBXFileReference; fileEncoding = 4; lastKnownFileType = sourcecode.c.h; path = PackageInfoViewController.h; sourceTree = "<group>"; };
		7552383D18C2376900B55DE1 /* PackageInfoViewController.m */ = {isa = PBXFileReference; fileEncoding = 4; lastKnownFileType = sourcecode.c.objc; path = PackageInfoViewController.m; sourceTree = "<group>"; };
		7552383F18C241A000B55DE1 /* TrackingInfoCell.h */ = {isa = PBXFileReference; fileEncoding = 4; lastKnownFileType = sourcecode.c.h; path = TrackingInfoCell.h; sourceTree = "<group>"; };
		7552384018C241A000B55DE1 /* TrackingInfoCell.m */ = {isa = PBXFileReference; fileEncoding = 4; lastKnownFileType = sourcecode.c.objc; path = TrackingInfoCell.m; sourceTree = "<group>"; };
		7558519E18C139EB00AA0553 /* DataModel.xcdatamodel */ = {isa = PBXFileReference; lastKnownFileType = wrapper.xcdatamodel; path = DataModel.xcdatamodel; sourceTree = "<group>"; };
		755851AB18C13A6100AA0553 /* CoreData.framework */ = {isa = PBXFileReference; lastKnownFileType = wrapper.framework; name = CoreData.framework; path = System/Library/Frameworks/CoreData.framework; sourceTree = SDKROOT; };
		755851B318C13C0100AA0553 /* PackagesViewController.h */ = {isa = PBXFileReference; fileEncoding = 4; lastKnownFileType = sourcecode.c.h; path = PackagesViewController.h; sourceTree = "<group>"; };
		755851B418C13C0100AA0553 /* PackagesViewController.m */ = {isa = PBXFileReference; fileEncoding = 4; lastKnownFileType = sourcecode.c.objc; path = PackagesViewController.m; sourceTree = "<group>"; };
		755851B618C13D5B00AA0553 /* PackageCell.h */ = {isa = PBXFileReference; fileEncoding = 4; lastKnownFileType = sourcecode.c.h; path = PackageCell.h; sourceTree = "<group>"; };
		755851B718C13D5B00AA0553 /* PackageCell.m */ = {isa = PBXFileReference; fileEncoding = 4; lastKnownFileType = sourcecode.c.objc; path = PackageCell.m; sourceTree = "<group>"; };
		755851B918C13E1900AA0553 /* Package.h */ = {isa = PBXFileReference; fileEncoding = 4; lastKnownFileType = sourcecode.c.h; path = Package.h; sourceTree = "<group>"; };
		755851BA18C13E1900AA0553 /* Package.m */ = {isa = PBXFileReference; fileEncoding = 4; lastKnownFileType = sourcecode.c.objc; path = Package.m; sourceTree = "<group>"; };
		757221961A5F392500BE901A /* DataModel 2.xcdatamodel */ = {isa = PBXFileReference; lastKnownFileType = wrapper.xcdatamodel; path = "DataModel 2.xcdatamodel"; sourceTree = "<group>"; };
		7572219A1A5F3A3E00BE901A /* TrackingInfo.h */ = {isa = PBXFileReference; fileEncoding = 4; lastKnownFileType = sourcecode.c.h; path = TrackingInfo.h; sourceTree = "<group>"; };
		7572219B1A5F3A3E00BE901A /* TrackingInfo.m */ = {isa = PBXFileReference; fileEncoding = 4; lastKnownFileType = sourcecode.c.objc; path = TrackingInfo.m; sourceTree = "<group>"; };
		75A26E2C1BD18B3900C8F75C /* UITableView+RemoveSeparators.h */ = {isa = PBXFileReference; fileEncoding = 4; lastKnownFileType = sourcecode.c.h; path = "UITableView+RemoveSeparators.h"; sourceTree = "<group>"; };
		75A26E2D1BD18B3900C8F75C /* UITableView+RemoveSeparators.m */ = {isa = PBXFileReference; fileEncoding = 4; lastKnownFileType = sourcecode.c.objc; path = "UITableView+RemoveSeparators.m"; sourceTree = "<group>"; };
		75A26E2F1BD190EF00C8F75C /* AboutViewController.h */ = {isa = PBXFileReference; fileEncoding = 4; lastKnownFileType = sourcecode.c.h; path = AboutViewController.h; sourceTree = "<group>"; };
		75A26E301BD190EF00C8F75C /* AboutViewController.m */ = {isa = PBXFileReference; fileEncoding = 4; lastKnownFileType = sourcecode.c.objc; path = AboutViewController.m; sourceTree = "<group>"; };
		75A26E321BD1916600C8F75C /* MessageUI.framework */ = {isa = PBXFileReference; lastKnownFileType = wrapper.framework; name = MessageUI.framework; path = System/Library/Frameworks/MessageUI.framework; sourceTree = SDKROOT; };
		75A26E351BD191BF00C8F75C /* UIAlertView+Alert.h */ = {isa = PBXFileReference; fileEncoding = 4; lastKnownFileType = sourcecode.c.h; path = "UIAlertView+Alert.h"; sourceTree = "<group>"; };
		75A26E361BD191BF00C8F75C /* UIAlertView+Alert.m */ = {isa = PBXFileReference; fileEncoding = 4; lastKnownFileType = sourcecode.c.objc; path = "UIAlertView+Alert.m"; sourceTree = "<group>"; };
		75DE1F741BE02AB800145EA3 /* NSManagedObject+CoreData.h */ = {isa = PBXFileReference; fileEncoding = 4; lastKnownFileType = sourcecode.c.h; path = "NSManagedObject+CoreData.h"; sourceTree = "<group>"; };
		75DE1F751BE02AB800145EA3 /* NSManagedObject+CoreData.m */ = {isa = PBXFileReference; fileEncoding = 4; lastKnownFileType = sourcecode.c.objc; path = "NSManagedObject+CoreData.m"; sourceTree = "<group>"; };
		75DE1F761BE02AB800145EA3 /* NSManagedObject+CoreDataCustom.h */ = {isa = PBXFileReference; fileEncoding = 4; lastKnownFileType = sourcecode.c.h; path = "NSManagedObject+CoreDataCustom.h"; sourceTree = "<group>"; };
		75DE1F771BE02AB800145EA3 /* NSManagedObject+CoreDataCustom.m */ = {isa = PBXFileReference; fileEncoding = 4; lastKnownFileType = sourcecode.c.objc; path = "NSManagedObject+CoreDataCustom.m"; sourceTree = "<group>"; };
		75DE1F781BE02AB800145EA3 /* NSManagedObjectContext+Custom.h */ = {isa = PBXFileReference; fileEncoding = 4; lastKnownFileType = sourcecode.c.h; path = "NSManagedObjectContext+Custom.h"; sourceTree = "<group>"; };
		75DE1F791BE02AB800145EA3 /* NSManagedObjectContext+Custom.m */ = {isa = PBXFileReference; fileEncoding = 4; lastKnownFileType = sourcecode.c.objc; path = "NSManagedObjectContext+Custom.m"; sourceTree = "<group>"; };
		75DE1F7A1BE02AB800145EA3 /* NSManagedObjectContextOperation.h */ = {isa = PBXFileReference; fileEncoding = 4; lastKnownFileType = sourcecode.c.h; path = NSManagedObjectContextOperation.h; sourceTree = "<group>"; };
		75DE1F7B1BE02AB800145EA3 /* NSManagedObjectContextOperation.m */ = {isa = PBXFileReference; fileEncoding = 4; lastKnownFileType = sourcecode.c.objc; path = NSManagedObjectContextOperation.m; sourceTree = "<group>"; };
		75DE1F7C1BE02AB800145EA3 /* NSPersistentStoreCoordinator+Custom.h */ = {isa = PBXFileReference; fileEncoding = 4; lastKnownFileType = sourcecode.c.h; path = "NSPersistentStoreCoordinator+Custom.h"; sourceTree = "<group>"; };
		75DE1F7D1BE02AB800145EA3 /* NSPersistentStoreCoordinator+Custom.m */ = {isa = PBXFileReference; fileEncoding = 4; lastKnownFileType = sourcecode.c.objc; path = "NSPersistentStoreCoordinator+Custom.m"; sourceTree = "<group>"; };
		75EBA10F18C12AE200DB1856 /* PostaMD.app */ = {isa = PBXFileReference; explicitFileType = wrapper.application; includeInIndex = 0; path = PostaMD.app; sourceTree = BUILT_PRODUCTS_DIR; };
		75EBA11218C12AE200DB1856 /* Foundation.framework */ = {isa = PBXFileReference; lastKnownFileType = wrapper.framework; name = Foundation.framework; path = System/Library/Frameworks/Foundation.framework; sourceTree = SDKROOT; };
		75EBA11418C12AE200DB1856 /* CoreGraphics.framework */ = {isa = PBXFileReference; lastKnownFileType = wrapper.framework; name = CoreGraphics.framework; path = System/Library/Frameworks/CoreGraphics.framework; sourceTree = SDKROOT; };
		75EBA11618C12AE200DB1856 /* UIKit.framework */ = {isa = PBXFileReference; lastKnownFileType = wrapper.framework; name = UIKit.framework; path = System/Library/Frameworks/UIKit.framework; sourceTree = SDKROOT; };
		75EBA11A18C12AE200DB1856 /* PostaMD-Info.plist */ = {isa = PBXFileReference; lastKnownFileType = text.plist.xml; path = "PostaMD-Info.plist"; sourceTree = "<group>"; };
		75EBA11C18C12AE200DB1856 /* en */ = {isa = PBXFileReference; lastKnownFileType = text.plist.strings; name = en; path = en.lproj/InfoPlist.strings; sourceTree = "<group>"; };
		75EBA11E18C12AE200DB1856 /* main.m */ = {isa = PBXFileReference; lastKnownFileType = sourcecode.c.objc; path = main.m; sourceTree = "<group>"; };
		75EBA12018C12AE200DB1856 /* PostaMD-Prefix.pch */ = {isa = PBXFileReference; lastKnownFileType = sourcecode.c.h; path = "PostaMD-Prefix.pch"; sourceTree = "<group>"; };
		75EBA12118C12AE200DB1856 /* AppDelegate.h */ = {isa = PBXFileReference; lastKnownFileType = sourcecode.c.h; path = AppDelegate.h; sourceTree = "<group>"; };
		75EBA12218C12AE200DB1856 /* AppDelegate.m */ = {isa = PBXFileReference; lastKnownFileType = sourcecode.c.objc; path = AppDelegate.m; sourceTree = "<group>"; };
		75EBA12518C12AE200DB1856 /* Base */ = {isa = PBXFileReference; lastKnownFileType = file.storyboard; name = Base; path = Base.lproj/Main.storyboard; sourceTree = "<group>"; };
		75EBA12718C12AE200DB1856 /* AddPackageViewController.h */ = {isa = PBXFileReference; lastKnownFileType = sourcecode.c.h; path = AddPackageViewController.h; sourceTree = "<group>"; };
		75EBA12818C12AE200DB1856 /* AddPackageViewController.m */ = {isa = PBXFileReference; lastKnownFileType = sourcecode.c.objc; path = AddPackageViewController.m; sourceTree = "<group>"; };
		75EBA12A18C12AE200DB1856 /* Images.xcassets */ = {isa = PBXFileReference; lastKnownFileType = folder.assetcatalog; path = Images.xcassets; sourceTree = "<group>"; };
		75EBA13018C12AE200DB1856 /* PostaMDTests.xctest */ = {isa = PBXFileReference; explicitFileType = wrapper.cfbundle; includeInIndex = 0; path = PostaMDTests.xctest; sourceTree = BUILT_PRODUCTS_DIR; };
		75EBA13118C12AE200DB1856 /* XCTest.framework */ = {isa = PBXFileReference; lastKnownFileType = wrapper.framework; name = XCTest.framework; path = Library/Frameworks/XCTest.framework; sourceTree = DEVELOPER_DIR; };
		75EBA13918C12AE200DB1856 /* PostaMDTests-Info.plist */ = {isa = PBXFileReference; lastKnownFileType = text.plist.xml; path = "PostaMDTests-Info.plist"; sourceTree = "<group>"; };
		75EBA13B18C12AE200DB1856 /* en */ = {isa = PBXFileReference; lastKnownFileType = text.plist.strings; name = en; path = en.lproj/InfoPlist.strings; sourceTree = "<group>"; };
		75EBA13D18C12AE200DB1856 /* PostaMDTests.m */ = {isa = PBXFileReference; lastKnownFileType = sourcecode.c.objc; path = PostaMDTests.m; sourceTree = "<group>"; };
		75F72D0619118637009EDF97 /* AFHTTPRequestOperationManager+timeout.h */ = {isa = PBXFileReference; fileEncoding = 4; lastKnownFileType = sourcecode.c.h; path = "AFHTTPRequestOperationManager+timeout.h"; sourceTree = "<group>"; };
		75F72D0719118637009EDF97 /* AFHTTPRequestOperationManager+timeout.m */ = {isa = PBXFileReference; fileEncoding = 4; lastKnownFileType = sourcecode.c.objc; path = "AFHTTPRequestOperationManager+timeout.m"; sourceTree = "<group>"; };
		C7ACE575CC81C94FE43DBCE5 /* Pods.release.xcconfig */ = {isa = PBXFileReference; includeInIndex = 1; lastKnownFileType = text.xcconfig; name = Pods.release.xcconfig; path = "Pods/Target Support Files/Pods/Pods.release.xcconfig"; sourceTree = "<group>"; };
		CDFF6142AB6A4544B4F1A441 /* libPods.a */ = {isa = PBXFileReference; explicitFileType = archive.ar; includeInIndex = 0; path = libPods.a; sourceTree = BUILT_PRODUCTS_DIR; };
/* End PBXFileReference section */

/* Begin PBXFrameworksBuildPhase section */
		750A6F431BE0034C0071FD7B /* Frameworks */ = {
			isa = PBXFrameworksBuildPhase;
			buildActionMask = 2147483647;
			files = (
				750A6F441BE0034C0071FD7B /* MessageUI.framework in Frameworks */,
				750A6F451BE0034C0071FD7B /* Fabric.framework in Frameworks */,
				750A6F461BE0034C0071FD7B /* CoreData.framework in Frameworks */,
				750A6F471BE0034C0071FD7B /* CoreGraphics.framework in Frameworks */,
				750A6F481BE0034C0071FD7B /* UIKit.framework in Frameworks */,
				750A6F491BE0034C0071FD7B /* Foundation.framework in Frameworks */,
				750A6F4A1BE0034C0071FD7B /* Crashlytics.framework in Frameworks */,
				750A6F4B1BE0034C0071FD7B /* libPods.a in Frameworks */,
			);
			runOnlyForDeploymentPostprocessing = 0;
		};
		75EBA10C18C12AE200DB1856 /* Frameworks */ = {
			isa = PBXFrameworksBuildPhase;
			buildActionMask = 2147483647;
			files = (
				75A26E331BD1916600C8F75C /* MessageUI.framework in Frameworks */,
				751DEBED1A862C720092A935 /* Fabric.framework in Frameworks */,
				755851AC18C13A6100AA0553 /* CoreData.framework in Frameworks */,
				75EBA11518C12AE200DB1856 /* CoreGraphics.framework in Frameworks */,
				75EBA11718C12AE200DB1856 /* UIKit.framework in Frameworks */,
				75EBA11318C12AE200DB1856 /* Foundation.framework in Frameworks */,
				751DEBEC1A862C720092A935 /* Crashlytics.framework in Frameworks */,
				68DFEC9587F64C46BBAA22C5 /* libPods.a in Frameworks */,
			);
			runOnlyForDeploymentPostprocessing = 0;
		};
		75EBA12D18C12AE200DB1856 /* Frameworks */ = {
			isa = PBXFrameworksBuildPhase;
			buildActionMask = 2147483647;
			files = (
				75EBA13218C12AE200DB1856 /* XCTest.framework in Frameworks */,
				75EBA13418C12AE200DB1856 /* UIKit.framework in Frameworks */,
				75EBA13318C12AE200DB1856 /* Foundation.framework in Frameworks */,
			);
			runOnlyForDeploymentPostprocessing = 0;
		};
/* End PBXFrameworksBuildPhase section */

/* Begin PBXGroup section */
		349BD76BF80ECCA24E742120 /* Pods */ = {
			isa = PBXGroup;
			children = (
				22674D4A95F21EC5EA6ED3D4 /* Pods.debug.xcconfig */,
				C7ACE575CC81C94FE43DBCE5 /* Pods.release.xcconfig */,
			);
			name = Pods;
			sourceTree = "<group>";
		};
		7507FA161A5F212600A2B5FE /* DataLoader */ = {
			isa = PBXGroup;
			children = (
				7507FA171A5F212600A2B5FE /* DataLoader.h */,
				7507FA181A5F212600A2B5FE /* DataLoader.m */,
				7507FA1D1A5F261600A2B5FE /* PackageParser.h */,
				7507FA1E1A5F261600A2B5FE /* PackageParser.m */,
			);
			path = DataLoader;
			sourceTree = "<group>";
		};
		75320A6F18C8A76A00ADA656 /* Entities */ = {
			isa = PBXGroup;
			children = (
				7572219A1A5F3A3E00BE901A /* TrackingInfo.h */,
				7572219B1A5F3A3E00BE901A /* TrackingInfo.m */,
				755851B918C13E1900AA0553 /* Package.h */,
				755851BA18C13E1900AA0553 /* Package.m */,
			);
			name = Entities;
			sourceTree = "<group>";
		};
		755851A018C13A0900AA0553 /* Libs */ = {
			isa = PBXGroup;
			children = (
				75A26E341BD191BF00C8F75C /* UIAlertView+Alert */,
				75A26E2B1BD18B3900C8F75C /* UITableView+RemoveSeparators */,
				75F72D0519118637009EDF97 /* AFHTTPRequestOperationManager-Timeout */,
				755851A118C13A0900AA0553 /* ZACoreData */,
			);
			path = Libs;
			sourceTree = "<group>";
		};
		755851A118C13A0900AA0553 /* ZACoreData */ = {
			isa = PBXGroup;
			children = (
				75DE1F741BE02AB800145EA3 /* NSManagedObject+CoreData.h */,
				75DE1F751BE02AB800145EA3 /* NSManagedObject+CoreData.m */,
				75DE1F761BE02AB800145EA3 /* NSManagedObject+CoreDataCustom.h */,
				75DE1F771BE02AB800145EA3 /* NSManagedObject+CoreDataCustom.m */,
				75DE1F781BE02AB800145EA3 /* NSManagedObjectContext+Custom.h */,
				75DE1F791BE02AB800145EA3 /* NSManagedObjectContext+Custom.m */,
				75DE1F7A1BE02AB800145EA3 /* NSManagedObjectContextOperation.h */,
				75DE1F7B1BE02AB800145EA3 /* NSManagedObjectContextOperation.m */,
				75DE1F7C1BE02AB800145EA3 /* NSPersistentStoreCoordinator+Custom.h */,
				75DE1F7D1BE02AB800145EA3 /* NSPersistentStoreCoordinator+Custom.m */,
			);
			path = ZACoreData;
			sourceTree = "<group>";
		};
		75A26E2B1BD18B3900C8F75C /* UITableView+RemoveSeparators */ = {
			isa = PBXGroup;
			children = (
				75A26E2C1BD18B3900C8F75C /* UITableView+RemoveSeparators.h */,
				75A26E2D1BD18B3900C8F75C /* UITableView+RemoveSeparators.m */,
			);
			path = "UITableView+RemoveSeparators";
			sourceTree = "<group>";
		};
		75A26E341BD191BF00C8F75C /* UIAlertView+Alert */ = {
			isa = PBXGroup;
			children = (
				75A26E351BD191BF00C8F75C /* UIAlertView+Alert.h */,
				75A26E361BD191BF00C8F75C /* UIAlertView+Alert.m */,
			);
			path = "UIAlertView+Alert";
			sourceTree = "<group>";
		};
		75BB1B7118F45358003B2DA9 /* View Controllers */ = {
			isa = PBXGroup;
			children = (
				75EBA12718C12AE200DB1856 /* AddPackageViewController.h */,
				75EBA12818C12AE200DB1856 /* AddPackageViewController.m */,
				755851B318C13C0100AA0553 /* PackagesViewController.h */,
				755851B418C13C0100AA0553 /* PackagesViewController.m */,
				755851B618C13D5B00AA0553 /* PackageCell.h */,
				755851B718C13D5B00AA0553 /* PackageCell.m */,
				7552383C18C2376900B55DE1 /* PackageInfoViewController.h */,
				7552383D18C2376900B55DE1 /* PackageInfoViewController.m */,
				7552383F18C241A000B55DE1 /* TrackingInfoCell.h */,
				7552384018C241A000B55DE1 /* TrackingInfoCell.m */,
				75A26E2F1BD190EF00C8F75C /* AboutViewController.h */,
				75A26E301BD190EF00C8F75C /* AboutViewController.m */,
			);
			name = "View Controllers";
			sourceTree = "<group>";
		};
		75EBA10618C12AE200DB1856 = {
			isa = PBXGroup;
			children = (
				755851A018C13A0900AA0553 /* Libs */,
				75EBA11818C12AE200DB1856 /* PostaMD */,
				75EBA13718C12AE200DB1856 /* PostaMDTests */,
				75EBA11118C12AE200DB1856 /* Frameworks */,
				75EBA11018C12AE200DB1856 /* Products */,
				349BD76BF80ECCA24E742120 /* Pods */,
			);
			sourceTree = "<group>";
		};
		75EBA11018C12AE200DB1856 /* Products */ = {
			isa = PBXGroup;
			children = (
				75EBA10F18C12AE200DB1856 /* PostaMD.app */,
				75EBA13018C12AE200DB1856 /* PostaMDTests.xctest */,
				750A6F551BE0034C0071FD7B /* PostaRO.app */,
			);
			name = Products;
			sourceTree = "<group>";
		};
		75EBA11118C12AE200DB1856 /* Frameworks */ = {
			isa = PBXGroup;
			children = (
				75A26E321BD1916600C8F75C /* MessageUI.framework */,
				751DEBEA1A862C720092A935 /* Crashlytics.framework */,
				751DEBEB1A862C720092A935 /* Fabric.framework */,
				755851AB18C13A6100AA0553 /* CoreData.framework */,
				75EBA11218C12AE200DB1856 /* Foundation.framework */,
				75EBA11418C12AE200DB1856 /* CoreGraphics.framework */,
				75EBA11618C12AE200DB1856 /* UIKit.framework */,
				75EBA13118C12AE200DB1856 /* XCTest.framework */,
				CDFF6142AB6A4544B4F1A441 /* libPods.a */,
			);
			name = Frameworks;
			sourceTree = "<group>";
		};
		75EBA11818C12AE200DB1856 /* PostaMD */ = {
			isa = PBXGroup;
			children = (
				7507FA161A5F212600A2B5FE /* DataLoader */,
				75BB1B7118F45358003B2DA9 /* View Controllers */,
				75EBA12118C12AE200DB1856 /* AppDelegate.h */,
				75EBA12218C12AE200DB1856 /* AppDelegate.m */,
				75EBA12418C12AE200DB1856 /* Main.storyboard */,
				75EBA12A18C12AE200DB1856 /* Images.xcassets */,
				7558519D18C139EB00AA0553 /* DataModel.xcdatamodeld */,
				75320A6F18C8A76A00ADA656 /* Entities */,
				75EBA11918C12AE200DB1856 /* Supporting Files */,
			);
			path = PostaMD;
			sourceTree = "<group>";
		};
		75EBA11918C12AE200DB1856 /* Supporting Files */ = {
			isa = PBXGroup;
			children = (
				750A6F561BE0034C0071FD7B /* PostaRO-Info.plist */,
				75EBA11A18C12AE200DB1856 /* PostaMD-Info.plist */,
				75EBA11B18C12AE200DB1856 /* InfoPlist.strings */,
				75EBA11E18C12AE200DB1856 /* main.m */,
				75EBA12018C12AE200DB1856 /* PostaMD-Prefix.pch */,
			);
			name = "Supporting Files";
			sourceTree = "<group>";
		};
		75EBA13718C12AE200DB1856 /* PostaMDTests */ = {
			isa = PBXGroup;
			children = (
				75EBA13D18C12AE200DB1856 /* PostaMDTests.m */,
				75EBA13818C12AE200DB1856 /* Supporting Files */,
			);
			path = PostaMDTests;
			sourceTree = "<group>";
		};
		75EBA13818C12AE200DB1856 /* Supporting Files */ = {
			isa = PBXGroup;
			children = (
				75EBA13918C12AE200DB1856 /* PostaMDTests-Info.plist */,
				75EBA13A18C12AE200DB1856 /* InfoPlist.strings */,
			);
			name = "Supporting Files";
			sourceTree = "<group>";
		};
		75F72D0519118637009EDF97 /* AFHTTPRequestOperationManager-Timeout */ = {
			isa = PBXGroup;
			children = (
				75F72D0619118637009EDF97 /* AFHTTPRequestOperationManager+timeout.h */,
				75F72D0719118637009EDF97 /* AFHTTPRequestOperationManager+timeout.m */,
			);
			path = "AFHTTPRequestOperationManager-Timeout";
			sourceTree = "<group>";
		};
/* End PBXGroup section */

/* Begin PBXNativeTarget section */
		750A6F2D1BE0034C0071FD7B /* PostaRO */ = {
			isa = PBXNativeTarget;
			buildConfigurationList = 750A6F521BE0034C0071FD7B /* Build configuration list for PBXNativeTarget "PostaRO" */;
			buildPhases = (
				750A6F2E1BE0034C0071FD7B /* Check Pods Manifest.lock */,
				750A6F2F1BE0034C0071FD7B /* Sources */,
				750A6F431BE0034C0071FD7B /* Frameworks */,
				750A6F4C1BE0034C0071FD7B /* Resources */,
				750A6F501BE0034C0071FD7B /* Copy Pods Resources */,
				750A6F511BE0034C0071FD7B /* ShellScript */,
			);
			buildRules = (
			);
			dependencies = (
			);
			name = PostaRO;
			productName = PostaMD;
			productReference = 750A6F551BE0034C0071FD7B /* PostaRO.app */;
			productType = "com.apple.product-type.application";
		};
		75EBA10E18C12AE200DB1856 /* PostaMD */ = {
			isa = PBXNativeTarget;
			buildConfigurationList = 75EBA14118C12AE200DB1856 /* Build configuration list for PBXNativeTarget "PostaMD" */;
			buildPhases = (
				98860E089F614FDC963B25EF /* Check Pods Manifest.lock */,
				75EBA10B18C12AE200DB1856 /* Sources */,
				75EBA10C18C12AE200DB1856 /* Frameworks */,
				75EBA10D18C12AE200DB1856 /* Resources */,
				1AA923A5EA5C4970A377EA4E /* Copy Pods Resources */,
				751DEBE91A862C550092A935 /* ShellScript */,
			);
			buildRules = (
			);
			dependencies = (
			);
			name = PostaMD;
			productName = PostaMD;
			productReference = 75EBA10F18C12AE200DB1856 /* PostaMD.app */;
			productType = "com.apple.product-type.application";
		};
		75EBA12F18C12AE200DB1856 /* PostaMDTests */ = {
			isa = PBXNativeTarget;
			buildConfigurationList = 75EBA14418C12AE200DB1856 /* Build configuration list for PBXNativeTarget "PostaMDTests" */;
			buildPhases = (
				75EBA12C18C12AE200DB1856 /* Sources */,
				75EBA12D18C12AE200DB1856 /* Frameworks */,
				75EBA12E18C12AE200DB1856 /* Resources */,
			);
			buildRules = (
			);
			dependencies = (
				75EBA13618C12AE200DB1856 /* PBXTargetDependency */,
			);
			name = PostaMDTests;
			productName = PostaMDTests;
			productReference = 75EBA13018C12AE200DB1856 /* PostaMDTests.xctest */;
			productType = "com.apple.product-type.bundle.unit-test";
		};
/* End PBXNativeTarget section */

/* Begin PBXProject section */
		75EBA10718C12AE200DB1856 /* Project object */ = {
			isa = PBXProject;
			attributes = {
				LastUpgradeCheck = 0700;
				ORGANIZATIONNAME = "Andrei Zaharia";
				TargetAttributes = {
					75EBA10E18C12AE200DB1856 = {
						DevelopmentTeam = WYQJU87AXN;
						SystemCapabilities = {
							com.apple.BackgroundModes = {
								enabled = 1;
							};
						};
					};
					75EBA12F18C12AE200DB1856 = {
						TestTargetID = 75EBA10E18C12AE200DB1856;
					};
				};
			};
			buildConfigurationList = 75EBA10A18C12AE200DB1856 /* Build configuration list for PBXProject "PostaMD" */;
			compatibilityVersion = "Xcode 3.2";
			developmentRegion = English;
			hasScannedForEncodings = 0;
			knownRegions = (
				en,
				Base,
			);
			mainGroup = 75EBA10618C12AE200DB1856;
			productRefGroup = 75EBA11018C12AE200DB1856 /* Products */;
			projectDirPath = "";
			projectRoot = "";
			targets = (
				75EBA10E18C12AE200DB1856 /* PostaMD */,
				750A6F2D1BE0034C0071FD7B /* PostaRO */,
				75EBA12F18C12AE200DB1856 /* PostaMDTests */,
			);
		};
/* End PBXProject section */

/* Begin PBXResourcesBuildPhase section */
		750A6F4C1BE0034C0071FD7B /* Resources */ = {
			isa = PBXResourcesBuildPhase;
			buildActionMask = 2147483647;
			files = (
				750A6F4D1BE0034C0071FD7B /* Images.xcassets in Resources */,
				750A6F4E1BE0034C0071FD7B /* InfoPlist.strings in Resources */,
				750A6F4F1BE0034C0071FD7B /* Main.storyboard in Resources */,
			);
			runOnlyForDeploymentPostprocessing = 0;
		};
		75EBA10D18C12AE200DB1856 /* Resources */ = {
			isa = PBXResourcesBuildPhase;
			buildActionMask = 2147483647;
			files = (
				75EBA12B18C12AE200DB1856 /* Images.xcassets in Resources */,
				75EBA11D18C12AE200DB1856 /* InfoPlist.strings in Resources */,
				75EBA12618C12AE200DB1856 /* Main.storyboard in Resources */,
			);
			runOnlyForDeploymentPostprocessing = 0;
		};
		75EBA12E18C12AE200DB1856 /* Resources */ = {
			isa = PBXResourcesBuildPhase;
			buildActionMask = 2147483647;
			files = (
				75EBA13C18C12AE200DB1856 /* InfoPlist.strings in Resources */,
			);
			runOnlyForDeploymentPostprocessing = 0;
		};
/* End PBXResourcesBuildPhase section */

/* Begin PBXShellScriptBuildPhase section */
		1AA923A5EA5C4970A377EA4E /* Copy Pods Resources */ = {
			isa = PBXShellScriptBuildPhase;
			buildActionMask = 2147483647;
			files = (
			);
			inputPaths = (
			);
			name = "Copy Pods Resources";
			outputPaths = (
			);
			runOnlyForDeploymentPostprocessing = 0;
			shellPath = /bin/sh;
			shellScript = "\"${SRCROOT}/Pods/Target Support Files/Pods/Pods-resources.sh\"\n";
			showEnvVarsInLog = 0;
		};
		750A6F2E1BE0034C0071FD7B /* Check Pods Manifest.lock */ = {
			isa = PBXShellScriptBuildPhase;
			buildActionMask = 2147483647;
			files = (
			);
			inputPaths = (
			);
			name = "Check Pods Manifest.lock";
			outputPaths = (
			);
			runOnlyForDeploymentPostprocessing = 0;
			shellPath = /bin/sh;
			shellScript = "diff \"${PODS_ROOT}/../Podfile.lock\" \"${PODS_ROOT}/Manifest.lock\" > /dev/null\nif [[ $? != 0 ]] ; then\n    cat << EOM\nerror: The sandbox is not in sync with the Podfile.lock. Run 'pod install' or update your CocoaPods installation.\nEOM\n    exit 1\nfi\n";
			showEnvVarsInLog = 0;
		};
		750A6F501BE0034C0071FD7B /* Copy Pods Resources */ = {
			isa = PBXShellScriptBuildPhase;
			buildActionMask = 2147483647;
			files = (
			);
			inputPaths = (
			);
			name = "Copy Pods Resources";
			outputPaths = (
			);
			runOnlyForDeploymentPostprocessing = 0;
			shellPath = /bin/sh;
			shellScript = "\"${SRCROOT}/Pods/Target Support Files/Pods/Pods-resources.sh\"\n";
			showEnvVarsInLog = 0;
		};
		750A6F511BE0034C0071FD7B /* ShellScript */ = {
			isa = PBXShellScriptBuildPhase;
			buildActionMask = 2147483647;
			files = (
			);
			inputPaths = (
			);
			outputPaths = (
			);
			runOnlyForDeploymentPostprocessing = 0;
			shellPath = /bin/sh;
			shellScript = "./Fabric.framework/run c3e75b562ff5786f994ec42058dcdcfc3cac7b21 f8cf792dbe5119bb09533498f314114a27a9f018ef460dccf8323afb61434021\n";
		};
		751DEBE91A862C550092A935 /* ShellScript */ = {
			isa = PBXShellScriptBuildPhase;
			buildActionMask = 2147483647;
			files = (
			);
			inputPaths = (
			);
			outputPaths = (
			);
			runOnlyForDeploymentPostprocessing = 0;
			shellPath = /bin/sh;
			shellScript = "./Fabric.framework/run c3e75b562ff5786f994ec42058dcdcfc3cac7b21 f8cf792dbe5119bb09533498f314114a27a9f018ef460dccf8323afb61434021\n";
		};
		98860E089F614FDC963B25EF /* Check Pods Manifest.lock */ = {
			isa = PBXShellScriptBuildPhase;
			buildActionMask = 2147483647;
			files = (
			);
			inputPaths = (
			);
			name = "Check Pods Manifest.lock";
			outputPaths = (
			);
			runOnlyForDeploymentPostprocessing = 0;
			shellPath = /bin/sh;
			shellScript = "diff \"${PODS_ROOT}/../Podfile.lock\" \"${PODS_ROOT}/Manifest.lock\" > /dev/null\nif [[ $? != 0 ]] ; then\n    cat << EOM\nerror: The sandbox is not in sync with the Podfile.lock. Run 'pod install' or update your CocoaPods installation.\nEOM\n    exit 1\nfi\n";
			showEnvVarsInLog = 0;
		};
/* End PBXShellScriptBuildPhase section */

/* Begin PBXSourcesBuildPhase section */
		750A6F2F1BE0034C0071FD7B /* Sources */ = {
			isa = PBXSourcesBuildPhase;
			buildActionMask = 2147483647;
			files = (
				75DE1F811BE02AB800145EA3 /* NSManagedObject+CoreDataCustom.m in Sources */,
				750A6F301BE0034C0071FD7B /* AboutViewController.m in Sources */,
				750A6F311BE0034C0071FD7B /* PackageCell.m in Sources */,
				750A6F321BE0034C0071FD7B /* PackageInfoViewController.m in Sources */,
				750A6F331BE0034C0071FD7B /* UITableView+RemoveSeparators.m in Sources */,
				75DE1F831BE02AB800145EA3 /* NSManagedObjectContext+Custom.m in Sources */,
				750A6F341BE0034C0071FD7B /* AddPackageViewController.m in Sources */,
				750A6F351BE0034C0071FD7B /* PackageParser.m in Sources */,
				750A6F371BE0034C0071FD7B /* TrackingInfoCell.m in Sources */,
				750A6F381BE0034C0071FD7B /* UIAlertView+Alert.m in Sources */,
				750A6F3A1BE0034C0071FD7B /* DataModel.xcdatamodeld in Sources */,
				750A6F3B1BE0034C0071FD7B /* TrackingInfo.m in Sources */,
				750A6F3C1BE0034C0071FD7B /* PackagesViewController.m in Sources */,
				75DE1F851BE02AB800145EA3 /* NSManagedObjectContextOperation.m in Sources */,
				750A6F3D1BE0034C0071FD7B /* AFHTTPRequestOperationManager+timeout.m in Sources */,
				750A6F3E1BE0034C0071FD7B /* AppDelegate.m in Sources */,
				75DE1F871BE02AB800145EA3 /* NSPersistentStoreCoordinator+Custom.m in Sources */,
				750A6F401BE0034C0071FD7B /* main.m in Sources */,
				750A6F411BE0034C0071FD7B /* Package.m in Sources */,
				75DE1F7F1BE02AB800145EA3 /* NSManagedObject+CoreData.m in Sources */,
				750A6F421BE0034C0071FD7B /* DataLoader.m in Sources */,
			);
			runOnlyForDeploymentPostprocessing = 0;
		};
		75EBA10B18C12AE200DB1856 /* Sources */ = {
			isa = PBXSourcesBuildPhase;
			buildActionMask = 2147483647;
			files = (
				75DE1F801BE02AB800145EA3 /* NSManagedObject+CoreDataCustom.m in Sources */,
				75A26E311BD190EF00C8F75C /* AboutViewController.m in Sources */,
				755851B818C13D5B00AA0553 /* PackageCell.m in Sources */,
				7552383E18C2376900B55DE1 /* PackageInfoViewController.m in Sources */,
				75A26E2E1BD18B3900C8F75C /* UITableView+RemoveSeparators.m in Sources */,
				75DE1F821BE02AB800145EA3 /* NSManagedObjectContext+Custom.m in Sources */,
				75EBA12918C12AE200DB1856 /* AddPackageViewController.m in Sources */,
				7507FA1F1A5F261600A2B5FE /* PackageParser.m in Sources */,
				7552384118C241A000B55DE1 /* TrackingInfoCell.m in Sources */,
				75A26E371BD191BF00C8F75C /* UIAlertView+Alert.m in Sources */,
				7558519F18C139EB00AA0553 /* DataModel.xcdatamodeld in Sources */,
				7572219C1A5F3A3E00BE901A /* TrackingInfo.m in Sources */,
				755851B518C13C0100AA0553 /* PackagesViewController.m in Sources */,
				75DE1F841BE02AB800145EA3 /* NSManagedObjectContextOperation.m in Sources */,
				75F72D0819118637009EDF97 /* AFHTTPRequestOperationManager+timeout.m in Sources */,
				75EBA12318C12AE200DB1856 /* AppDelegate.m in Sources */,
				75DE1F861BE02AB800145EA3 /* NSPersistentStoreCoordinator+Custom.m in Sources */,
				75EBA11F18C12AE200DB1856 /* main.m in Sources */,
				755851BB18C13E1900AA0553 /* Package.m in Sources */,
				75DE1F7E1BE02AB800145EA3 /* NSManagedObject+CoreData.m in Sources */,
				7507FA191A5F212600A2B5FE /* DataLoader.m in Sources */,
			);
			runOnlyForDeploymentPostprocessing = 0;
		};
		75EBA12C18C12AE200DB1856 /* Sources */ = {
			isa = PBXSourcesBuildPhase;
			buildActionMask = 2147483647;
			files = (
				75EBA13E18C12AE200DB1856 /* PostaMDTests.m in Sources */,
			);
			runOnlyForDeploymentPostprocessing = 0;
		};
/* End PBXSourcesBuildPhase section */

/* Begin PBXTargetDependency section */
		75EBA13618C12AE200DB1856 /* PBXTargetDependency */ = {
			isa = PBXTargetDependency;
			target = 75EBA10E18C12AE200DB1856 /* PostaMD */;
			targetProxy = 75EBA13518C12AE200DB1856 /* PBXContainerItemProxy */;
		};
/* End PBXTargetDependency section */

/* Begin PBXVariantGroup section */
		75EBA11B18C12AE200DB1856 /* InfoPlist.strings */ = {
			isa = PBXVariantGroup;
			children = (
				75EBA11C18C12AE200DB1856 /* en */,
			);
			name = InfoPlist.strings;
			sourceTree = "<group>";
		};
		75EBA12418C12AE200DB1856 /* Main.storyboard */ = {
			isa = PBXVariantGroup;
			children = (
				75EBA12518C12AE200DB1856 /* Base */,
			);
			name = Main.storyboard;
			sourceTree = "<group>";
		};
		75EBA13A18C12AE200DB1856 /* InfoPlist.strings */ = {
			isa = PBXVariantGroup;
			children = (
				75EBA13B18C12AE200DB1856 /* en */,
			);
			name = InfoPlist.strings;
			sourceTree = "<group>";
		};
/* End PBXVariantGroup section */

/* Begin XCBuildConfiguration section */
		750A6F531BE0034C0071FD7B /* Debug */ = {
			isa = XCBuildConfiguration;
			baseConfigurationReference = 22674D4A95F21EC5EA6ED3D4 /* Pods.debug.xcconfig */;
			buildSettings = {
				ASSETCATALOG_COMPILER_APPICON_NAME = AppIcon;
				ASSETCATALOG_COMPILER_LAUNCHIMAGE_NAME = LaunchImage;
				CODE_SIGN_IDENTITY = "iPhone Developer: Andrei Zaharia (6FN8YVDHX3)";
				ENABLE_BITCODE = NO;
				FRAMEWORK_SEARCH_PATHS = (
					"$(inherited)",
					"$(PROJECT_DIR)",
				);
				GCC_PRECOMPILE_PREFIX_HEADER = YES;
				GCC_PREFIX_HEADER = "PostaMD/PostaMD-Prefix.pch";
				INFOPLIST_FILE = "PostaRO-Info.plist";
				IPHONEOS_DEPLOYMENT_TARGET = 8.0;
				PRODUCT_BUNDLE_IDENTIFIER = com.andyzaharia.posta.ro;
				PRODUCT_NAME = "$(TARGET_NAME)";
				PROVISIONING_PROFILE = "4c545290-5ef4-4dec-ab7e-5af131d7b5f6";
				WRAPPER_EXTENSION = app;
			};
			name = Debug;
		};
		750A6F541BE0034C0071FD7B /* Release */ = {
			isa = XCBuildConfiguration;
			baseConfigurationReference = C7ACE575CC81C94FE43DBCE5 /* Pods.release.xcconfig */;
			buildSettings = {
				ASSETCATALOG_COMPILER_APPICON_NAME = AppIcon;
				ASSETCATALOG_COMPILER_LAUNCHIMAGE_NAME = LaunchImage;
				CODE_SIGN_IDENTITY = "iPhone Distribution: Andrei Zaharia";
				"CODE_SIGN_IDENTITY[sdk=iphoneos*]" = "iPhone Distribution: Andrei Zaharia";
				ENABLE_BITCODE = NO;
				FRAMEWORK_SEARCH_PATHS = (
					"$(inherited)",
					"$(PROJECT_DIR)",
				);
				GCC_PRECOMPILE_PREFIX_HEADER = YES;
				GCC_PREFIX_HEADER = "PostaMD/PostaMD-Prefix.pch";
				INFOPLIST_FILE = "PostaRO-Info.plist";
				IPHONEOS_DEPLOYMENT_TARGET = 8.0;
				PRODUCT_BUNDLE_IDENTIFIER = com.andyzaharia.posta.ro;
				PRODUCT_NAME = "$(TARGET_NAME)";
				PROVISIONING_PROFILE = "f0fd0d0d-7eee-4952-8663-2cffd50f4b56";
				WRAPPER_EXTENSION = app;
			};
			name = Release;
		};
		75EBA13F18C12AE200DB1856 /* Debug */ = {
			isa = XCBuildConfiguration;
			buildSettings = {
				ALWAYS_SEARCH_USER_PATHS = NO;
				CLANG_CXX_LANGUAGE_STANDARD = "gnu++0x";
				CLANG_CXX_LIBRARY = "libc++";
				CLANG_ENABLE_MODULES = YES;
				CLANG_ENABLE_OBJC_ARC = YES;
				CLANG_WARN_BOOL_CONVERSION = YES;
				CLANG_WARN_CONSTANT_CONVERSION = YES;
				CLANG_WARN_DIRECT_OBJC_ISA_USAGE = YES_ERROR;
				CLANG_WARN_EMPTY_BODY = YES;
				CLANG_WARN_ENUM_CONVERSION = YES;
				CLANG_WARN_INT_CONVERSION = YES;
				CLANG_WARN_OBJC_ROOT_CLASS = YES_ERROR;
				CLANG_WARN__DUPLICATE_METHOD_MATCH = YES;
				"CODE_SIGN_IDENTITY[sdk=iphoneos*]" = "iPhone Developer";
				COPY_PHASE_STRIP = NO;
				ENABLE_TESTABILITY = YES;
				GCC_C_LANGUAGE_STANDARD = gnu99;
				GCC_DYNAMIC_NO_PIC = NO;
				GCC_OPTIMIZATION_LEVEL = 0;
				GCC_PREPROCESSOR_DEFINITIONS = (
					"DEBUG=1",
					"$(inherited)",
				);
				GCC_SYMBOLS_PRIVATE_EXTERN = NO;
				GCC_WARN_64_TO_32_BIT_CONVERSION = YES;
				GCC_WARN_ABOUT_RETURN_TYPE = YES_ERROR;
				GCC_WARN_UNDECLARED_SELECTOR = YES;
				GCC_WARN_UNINITIALIZED_AUTOS = YES;
				GCC_WARN_UNUSED_FUNCTION = YES;
				GCC_WARN_UNUSED_VARIABLE = YES;
				IPHONEOS_DEPLOYMENT_TARGET = 8.0;
				ONLY_ACTIVE_ARCH = YES;
				SDKROOT = iphoneos;
			};
			name = Debug;
		};
		75EBA14018C12AE200DB1856 /* Release */ = {
			isa = XCBuildConfiguration;
			buildSettings = {
				ALWAYS_SEARCH_USER_PATHS = NO;
				CLANG_CXX_LANGUAGE_STANDARD = "gnu++0x";
				CLANG_CXX_LIBRARY = "libc++";
				CLANG_ENABLE_MODULES = YES;
				CLANG_ENABLE_OBJC_ARC = YES;
				CLANG_WARN_BOOL_CONVERSION = YES;
				CLANG_WARN_CONSTANT_CONVERSION = YES;
				CLANG_WARN_DIRECT_OBJC_ISA_USAGE = YES_ERROR;
				CLANG_WARN_EMPTY_BODY = YES;
				CLANG_WARN_ENUM_CONVERSION = YES;
				CLANG_WARN_INT_CONVERSION = YES;
				CLANG_WARN_OBJC_ROOT_CLASS = YES_ERROR;
				CLANG_WARN__DUPLICATE_METHOD_MATCH = YES;
				"CODE_SIGN_IDENTITY[sdk=iphoneos*]" = "iPhone Developer";
				COPY_PHASE_STRIP = YES;
				ENABLE_NS_ASSERTIONS = NO;
				GCC_C_LANGUAGE_STANDARD = gnu99;
				GCC_WARN_64_TO_32_BIT_CONVERSION = YES;
				GCC_WARN_ABOUT_RETURN_TYPE = YES_ERROR;
				GCC_WARN_UNDECLARED_SELECTOR = YES;
				GCC_WARN_UNINITIALIZED_AUTOS = YES;
				GCC_WARN_UNUSED_FUNCTION = YES;
				GCC_WARN_UNUSED_VARIABLE = YES;
				IPHONEOS_DEPLOYMENT_TARGET = 8.0;
				SDKROOT = iphoneos;
				VALIDATE_PRODUCT = YES;
			};
			name = Release;
		};
		75EBA14218C12AE200DB1856 /* Debug */ = {
			isa = XCBuildConfiguration;
			baseConfigurationReference = 22674D4A95F21EC5EA6ED3D4 /* Pods.debug.xcconfig */;
			buildSettings = {
				ASSETCATALOG_COMPILER_APPICON_NAME = AppIcon;
				ASSETCATALOG_COMPILER_LAUNCHIMAGE_NAME = LaunchImage;
				CODE_SIGN_IDENTITY = "iPhone Developer: Andrei Zaharia (6FN8YVDHX3)";
				ENABLE_BITCODE = NO;
				FRAMEWORK_SEARCH_PATHS = (
					"$(inherited)",
					"$(PROJECT_DIR)",
				);
				GCC_PRECOMPILE_PREFIX_HEADER = YES;
				GCC_PREFIX_HEADER = "PostaMD/PostaMD-Prefix.pch";
				INFOPLIST_FILE = "PostaMD/PostaMD-Info.plist";
				IPHONEOS_DEPLOYMENT_TARGET = 8.0;
				PRODUCT_BUNDLE_IDENTIFIER = com.andyzaharia.posta;
				PRODUCT_NAME = "$(TARGET_NAME)";
				PROVISIONING_PROFILE = "4c545290-5ef4-4dec-ab7e-5af131d7b5f6";
				WRAPPER_EXTENSION = app;
			};
			name = Debug;
		};
		75EBA14318C12AE200DB1856 /* Release */ = {
			isa = XCBuildConfiguration;
			baseConfigurationReference = C7ACE575CC81C94FE43DBCE5 /* Pods.release.xcconfig */;
			buildSettings = {
				ASSETCATALOG_COMPILER_APPICON_NAME = AppIcon;
				ASSETCATALOG_COMPILER_LAUNCHIMAGE_NAME = LaunchImage;
				CODE_SIGN_IDENTITY = "iPhone Distribution: Andrei Zaharia";
				"CODE_SIGN_IDENTITY[sdk=iphoneos*]" = "iPhone Distribution: Andrei Zaharia";
				ENABLE_BITCODE = NO;
				FRAMEWORK_SEARCH_PATHS = (
					"$(inherited)",
					"$(PROJECT_DIR)",
				);
				GCC_PRECOMPILE_PREFIX_HEADER = YES;
				GCC_PREFIX_HEADER = "PostaMD/PostaMD-Prefix.pch";
				INFOPLIST_FILE = "PostaMD/PostaMD-Info.plist";
				IPHONEOS_DEPLOYMENT_TARGET = 8.0;
				PRODUCT_BUNDLE_IDENTIFIER = com.andyzaharia.posta;
				PRODUCT_NAME = "$(TARGET_NAME)";
				PROVISIONING_PROFILE = "369f2127-89db-4366-92d0-e241a9052d31";
				WRAPPER_EXTENSION = app;
			};
			name = Release;
		};
		75EBA14518C12AE200DB1856 /* Debug */ = {
			isa = XCBuildConfiguration;
			buildSettings = {
				BUNDLE_LOADER = "$(BUILT_PRODUCTS_DIR)/PostaMD.app/PostaMD";
				FRAMEWORK_SEARCH_PATHS = (
					"$(SDKROOT)/Developer/Library/Frameworks",
					"$(inherited)",
					"$(DEVELOPER_FRAMEWORKS_DIR)",
				);
				GCC_PRECOMPILE_PREFIX_HEADER = YES;
				GCC_PREFIX_HEADER = "PostaMD/PostaMD-Prefix.pch";
				GCC_PREPROCESSOR_DEFINITIONS = (
					"DEBUG=1",
					"$(inherited)",
				);
				INFOPLIST_FILE = "PostaMDTests/PostaMDTests-Info.plist";
				PRODUCT_BUNDLE_IDENTIFIER = "com.andyzaharia.Test.${PRODUCT_NAME:rfc1034identifier}";
				PRODUCT_NAME = "$(TARGET_NAME)";
				TEST_HOST = "$(BUNDLE_LOADER)";
				WRAPPER_EXTENSION = xctest;
			};
			name = Debug;
		};
		75EBA14618C12AE200DB1856 /* Release */ = {
			isa = XCBuildConfiguration;
			buildSettings = {
				BUNDLE_LOADER = "$(BUILT_PRODUCTS_DIR)/PostaMD.app/PostaMD";
				FRAMEWORK_SEARCH_PATHS = (
					"$(SDKROOT)/Developer/Library/Frameworks",
					"$(inherited)",
					"$(DEVELOPER_FRAMEWORKS_DIR)",
				);
				GCC_PRECOMPILE_PREFIX_HEADER = YES;
				GCC_PREFIX_HEADER = "PostaMD/PostaMD-Prefix.pch";
				INFOPLIST_FILE = "PostaMDTests/PostaMDTests-Info.plist";
				PRODUCT_BUNDLE_IDENTIFIER = "com.andyzaharia.Test.${PRODUCT_NAME:rfc1034identifier}";
				PRODUCT_NAME = "$(TARGET_NAME)";
				TEST_HOST = "$(BUNDLE_LOADER)";
				WRAPPER_EXTENSION = xctest;
			};
			name = Release;
		};
/* End XCBuildConfiguration section */

/* Begin XCConfigurationList section */
		750A6F521BE0034C0071FD7B /* Build configuration list for PBXNativeTarget "PostaRO" */ = {
			isa = XCConfigurationList;
			buildConfigurations = (
				750A6F531BE0034C0071FD7B /* Debug */,
				750A6F541BE0034C0071FD7B /* Release */,
			);
			defaultConfigurationIsVisible = 0;
			defaultConfigurationName = Release;
		};
		75EBA10A18C12AE200DB1856 /* Build configuration list for PBXProject "PostaMD" */ = {
			isa = XCConfigurationList;
			buildConfigurations = (
				75EBA13F18C12AE200DB1856 /* Debug */,
				75EBA14018C12AE200DB1856 /* Release */,
			);
			defaultConfigurationIsVisible = 0;
			defaultConfigurationName = Release;
		};
		75EBA14118C12AE200DB1856 /* Build configuration list for PBXNativeTarget "PostaMD" */ = {
			isa = XCConfigurationList;
			buildConfigurations = (
				75EBA14218C12AE200DB1856 /* Debug */,
				75EBA14318C12AE200DB1856 /* Release */,
			);
			defaultConfigurationIsVisible = 0;
			defaultConfigurationName = Release;
		};
		75EBA14418C12AE200DB1856 /* Build configuration list for PBXNativeTarget "PostaMDTests" */ = {
			isa = XCConfigurationList;
			buildConfigurations = (
				75EBA14518C12AE200DB1856 /* Debug */,
				75EBA14618C12AE200DB1856 /* Release */,
			);
			defaultConfigurationIsVisible = 0;
			defaultConfigurationName = Release;
		};
/* End XCConfigurationList section */

/* Begin XCVersionGroup section */
		7558519D18C139EB00AA0553 /* DataModel.xcdatamodeld */ = {
			isa = XCVersionGroup;
			children = (
				757221961A5F392500BE901A /* DataModel 2.xcdatamodel */,
				7558519E18C139EB00AA0553 /* DataModel.xcdatamodel */,
			);
			currentVersion = 757221961A5F392500BE901A /* DataModel 2.xcdatamodel */;
			path = DataModel.xcdatamodeld;
			sourceTree = "<group>";
			versionGroupType = wrapper.xcdatamodel;
		};
/* End XCVersionGroup section */
	};
	rootObject = 75EBA10718C12AE200DB1856 /* Project object */;
}
